
Microsoft Visual Studio Solution File, Format Version 12.00
# Visual Studio Version 16
VisualStudioVersion = 16.0.36631.11
MinimumVisualStudioVersion = 10.0.40219.1
Project("{F184B08F-C81C-45F6-A57F-5ABD9991F28F}") = "MainMenu", "MainMenu\MainMenu.vbproj", "{0120BC84-B8B0-4821-BDEF-2626624F6EEA}"
	ProjectSection(ProjectDependencies) = postProject
		{B555BCBF-591C-4BD1-95D1-53AB1771EEA5} = {B555BCBF-591C-4BD1-95D1-53AB1771EEA5}
		{440988C9-917F-40BE-A601-98B21648D022} = {440988C9-917F-40BE-A601-98B21648D022}
		{52A593EB-6C56-4123-AF9E-BBA9662434B7} = {52A593EB-6C56-4123-AF9E-BBA9662434B7}
	EndProjectSection
EndProject
Project("{F184B08F-C81C-45F6-A57F-5ABD9991F28F}") = "LogDisplay", "LogDisplay\LogDisplay.vbproj", "{88EE1559-37C7-4E53-98D8-FECAC77409E9}"
EndProject
Project("{F184B08F-C81C-45F6-A57F-5ABD9991F28F}") = "Common", "Common\Common.vbproj", "{287FCA5A-50AF-4701-B638-A6ED611D147A}"
EndProject
Project("{F184B08F-C81C-45F6-A57F-5ABD9991F28F}") = "RealtimeConfirmation", "RealtimeConfirmation\RealtimeConfirmation.vbproj", "{5CB56644-CF6A-4306-95C5-D75C3D6A8980}"
	ProjectSection(ProjectDependencies) = postProject
		{B555BCBF-591C-4BD1-95D1-53AB1771EEA5} = {B555BCBF-591C-4BD1-95D1-53AB1771EEA5}
		{440988C9-917F-40BE-A601-98B21648D022} = {440988C9-917F-40BE-A601-98B21648D022}
		{1E1B85F1-87D2-4F40-BA16-C3621C8644A0} = {1E1B85F1-87D2-4F40-BA16-C3621C8644A0}
	EndProjectSection
EndProject
Project("{F184B08F-C81C-45F6-A57F-5ABD9991F28F}") = "ConsoleApp_Download", "ConsoleApp_Download\ConsoleApp_Download.vbproj", "{6927DFA3-6666-45A0-928A-94E7ABA06D4B}"
	ProjectSection(ProjectDependencies) = postProject
		{287FCA5A-50AF-4701-B638-A6ED611D147A} = {287FCA5A-50AF-4701-B638-A6ED611D147A}
		{0120BC84-B8B0-4821-BDEF-2626624F6EEA} = {0120BC84-B8B0-4821-BDEF-2626624F6EEA}
		{B555BCBF-591C-4BD1-95D1-53AB1771EEA5} = {B555BCBF-591C-4BD1-95D1-53AB1771EEA5}
	EndProjectSection
EndProject
Project("{F184B08F-C81C-45F6-A57F-5ABD9991F28F}") = "Results", "Results\Results.vbproj", "{8D658F86-C5F2-41E0-AB0B-2B2DCE6215F6}"
	ProjectSection(ProjectDependencies) = postProject
		{F38C221B-17E9-4AB3-8FDA-658A1E265D4F} = {F38C221B-17E9-4AB3-8FDA-658A1E265D4F}
		{287FCA5A-50AF-4701-B638-A6ED611D147A} = {287FCA5A-50AF-4701-B638-A6ED611D147A}
		{C6514077-A418-4E84-AAAE-3AACEF057D21} = {C6514077-A418-4E84-AAAE-3AACEF057D21}
		{B555BCBF-591C-4BD1-95D1-53AB1771EEA5} = {B555BCBF-591C-4BD1-95D1-53AB1771EEA5}
	EndProjectSection
EndProject
Project("{F184B08F-C81C-45F6-A57F-5ABD9991F28F}") = "ClsAutoCommunication", "ClsAutoCommunication\ClsAutoCommunication.vbproj", "{AD56B66F-3EDA-4C19-9E5F-B55FCA3EB1E4}"
	ProjectSection(ProjectDependencies) = postProject
		{B555BCBF-591C-4BD1-95D1-53AB1771EEA5} = {B555BCBF-591C-4BD1-95D1-53AB1771EEA5}
	EndProjectSection
EndProject
Project("{F184B08F-C81C-45F6-A57F-5ABD9991F28F}") = "T.R.ZCommonCtrl", "T.R.ZCommonCtrl\T.R.ZCommonCtrl.vbproj", "{F38C221B-17E9-4AB3-8FDA-658A1E265D4F}"
	ProjectSection(ProjectDependencies) = postProject
		{0CEF3710-7F88-46ED-A0D3-E6D6FF778F1D} = {0CEF3710-7F88-46ED-A0D3-E6D6FF778F1D}
		{B555BCBF-591C-4BD1-95D1-53AB1771EEA5} = {B555BCBF-591C-4BD1-95D1-53AB1771EEA5}
	EndProjectSection
EndProject
Project("{F184B08F-C81C-45F6-A57F-5ABD9991F28F}") = "ClsPrintingProcess", "ClsPrintingProcess\ClsPrintingProcess.vbproj", "{C6514077-A418-4E84-AAAE-3AACEF057D21}"
	ProjectSection(ProjectDependencies) = postProject
		{287FCA5A-50AF-4701-B638-A6ED611D147A} = {287FCA5A-50AF-4701-B638-A6ED611D147A}
	EndProjectSection
EndProject
Project("{F184B08F-C81C-45F6-A57F-5ABD9991F28F}") = "Nohin", "Nohin\Nohin.vbproj", "{52A593EB-6C56-4123-AF9E-BBA9662434B7}"
	ProjectSection(ProjectDependencies) = postProject
		{F38C221B-17E9-4AB3-8FDA-658A1E265D4F} = {F38C221B-17E9-4AB3-8FDA-658A1E265D4F}
		{287FCA5A-50AF-4701-B638-A6ED611D147A} = {287FCA5A-50AF-4701-B638-A6ED611D147A}
		{C6514077-A418-4E84-AAAE-3AACEF057D21} = {C6514077-A418-4E84-AAAE-3AACEF057D21}
		{8D658F86-C5F2-41E0-AB0B-2B2DCE6215F6} = {8D658F86-C5F2-41E0-AB0B-2B2DCE6215F6}
	EndProjectSection
EndProject
Project("{2150E333-8FDC-42A3-9474-1A3956D46DE8}") = "Solution Items", "Solution Items", "{0BF49481-4B55-4669-86DB-A09560FF5B04}"
	ProjectSection(SolutionItems) = preProject
		OUTCONV\OUTCONV.vbproj = OUTCONV\OUTCONV.vbproj
		T.R.ZCommonClass\T.R.ZCommonClass.vbproj = T.R.ZCommonClass\T.R.ZCommonClass.vbproj
	EndProjectSection
EndProject
Project("{F184B08F-C81C-45F6-A57F-5ABD9991F28F}") = "CommonPcaDx", "CommonPcaDx\CommonPcaDx.vbproj", "{440988C9-917F-40BE-A601-98B21648D022}"
	ProjectSection(ProjectDependencies) = postProject
		{1E1B85F1-87D2-4F40-BA16-C3621C8644A0} = {1E1B85F1-87D2-4F40-BA16-C3621C8644A0}
	EndProjectSection
EndProject
Project("{F184B08F-C81C-45F6-A57F-5ABD9991F28F}") = "IpcService", "IpcService\IpcService.vbproj", "{0CEF3710-7F88-46ED-A0D3-E6D6FF778F1D}"
EndProject
Project("{F184B08F-C81C-45F6-A57F-5ABD9991F28F}") = "T.R.ZCommonCon", "T.R.ZCommonCon\T.R.ZCommonCon.vbproj", "{1E1B85F1-87D2-4F40-BA16-C3621C8644A0}"
EndProject
Project("{F184B08F-C81C-45F6-A57F-5ABD9991F28F}") = "T.R.ZCommonClass", "T.R.ZCommonClass\T.R.ZCommonClass.vbproj", "{B555BCBF-591C-4BD1-95D1-53AB1771EEA5}"
	ProjectSection(ProjectDependencies) = postProject
		{287FCA5A-50AF-4701-B638-A6ED611D147A} = {287FCA5A-50AF-4701-B638-A6ED611D147A}
		{1E1B85F1-87D2-4F40-BA16-C3621C8644A0} = {1E1B85F1-87D2-4F40-BA16-C3621C8644A0}
	EndProjectSection
EndProject
Project("{F184B08F-C81C-45F6-A57F-5ABD9991F28F}") = "OutExcel", "OutExcel\OutExcel.vbproj", "{CB50DE72-7251-4E64-9FBC-6D45C8D5AC93}"
	ProjectSection(ProjectDependencies) = postProject
		{287FCA5A-50AF-4701-B638-A6ED611D147A} = {287FCA5A-50AF-4701-B638-A6ED611D147A}
		{C6514077-A418-4E84-AAAE-3AACEF057D21} = {C6514077-A418-4E84-AAAE-3AACEF057D21}
	EndProjectSection
EndProject
Project("{F184B08F-C81C-45F6-A57F-5ABD9991F28F}") = "TokuisakiShohinMaster", "TokuisakiShohinMaster\TokuisakiShohinMaster.vbproj", "{55873954-24E9-42D2-B26F-F126438BA79A}"
	ProjectSection(ProjectDependencies) = postProject
		{F38C221B-17E9-4AB3-8FDA-658A1E265D4F} = {F38C221B-17E9-4AB3-8FDA-658A1E265D4F}
		{287FCA5A-50AF-4701-B638-A6ED611D147A} = {287FCA5A-50AF-4701-B638-A6ED611D147A}
	EndProjectSection
EndProject
Project("{F184B08F-C81C-45F6-A57F-5ABD9991F28F}") = "ConsoleApp_ItemMasterDownload", "ConsoleApp_MasterDownload\ConsoleApp_ItemMasterDownload.vbproj", "{042CB347-7BC5-470F-9B88-95D06F60186E}"
	ProjectSection(ProjectDependencies) = postProject
		{287FCA5A-50AF-4701-B638-A6ED611D147A} = {287FCA5A-50AF-4701-B638-A6ED611D147A}
		{0120BC84-B8B0-4821-BDEF-2626624F6EEA} = {0120BC84-B8B0-4821-BDEF-2626624F6EEA}
		{B555BCBF-591C-4BD1-95D1-53AB1771EEA5} = {B555BCBF-591C-4BD1-95D1-53AB1771EEA5}
	EndProjectSection
EndProject
Project("{F184B08F-C81C-45F6-A57F-5ABD9991F28F}") = "ConsoleApp_CustomerMasterDownload", "ConsoleApp_CustomerMasterDownload\ConsoleApp_CustomerMasterDownload.vbproj", "{9B4D7073-DD70-420B-B8BD-465110F3D854}"
	ProjectSection(ProjectDependencies) = postProject
		{287FCA5A-50AF-4701-B638-A6ED611D147A} = {287FCA5A-50AF-4701-B638-A6ED611D147A}
		{0120BC84-B8B0-4821-BDEF-2626624F6EEA} = {0120BC84-B8B0-4821-BDEF-2626624F6EEA}
	EndProjectSection
EndProject
Project("{F184B08F-C81C-45F6-A57F-5ABD9991F28F}") = "ScaleMaster", "ScaleMaster\ScaleMaster.vbproj", "{A14B95B2-36DB-4E97-B491-CFCA7218079C}"
	ProjectSection(ProjectDependencies) = postProject
		{F38C221B-17E9-4AB3-8FDA-658A1E265D4F} = {F38C221B-17E9-4AB3-8FDA-658A1E265D4F}
	EndProjectSection
EndProject
Project("{F184B08F-C81C-45F6-A57F-5ABD9991F28F}") = "IisFtpManager", "IisFtpManager\IisFtpManager.vbproj", "{384D87C1-A32C-4609-8A08-F899A71ECBF0}"
EndProject
Project("{F184B08F-C81C-45F6-A57F-5ABD9991F28F}") = "PrintSettingMaster", "PrintSettingMaster\PrintSettingMaster.vbproj", "{1292C157-E268-4326-A2EA-FA6BB5FC5F0E}"
EndProject
Project("{F184B08F-C81C-45F6-A57F-5ABD9991F28F}") = "KeiryokiMasterOutput", "KeiryokiMasterOutput\KeiryokiMasterOutput.vbproj", "{CF1CB882-AFCD-423F-AB08-3CA98C4C2F61}"
EndProject
Project("{F184B08F-C81C-45F6-A57F-5ABD9991F28F}") = "ConsoleApp_TantoshaMasterDownload", "ConsoleApp_TantoshaMasterDownload\ConsoleApp_TantoshaMasterDownload.vbproj", "{9CFAEA95-62DA-458F-A2A9-06BA17043042}"
	ProjectSection(ProjectDependencies) = postProject
		{287FCA5A-50AF-4701-B638-A6ED611D147A} = {287FCA5A-50AF-4701-B638-A6ED611D147A}
		{0120BC84-B8B0-4821-BDEF-2626624F6EEA} = {0120BC84-B8B0-4821-BDEF-2626624F6EEA}
		{B555BCBF-591C-4BD1-95D1-53AB1771EEA5} = {B555BCBF-591C-4BD1-95D1-53AB1771EEA5}
	EndProjectSection
EndProject
Global
	GlobalSection(SolutionConfigurationPlatforms) = preSolution
		Debug|Any CPU = Debug|Any CPU
		Debug|x64 = Debug|x64
		Debug|x86 = Debug|x86
		Release|Any CPU = Release|Any CPU
		Release|x64 = Release|x64
		Release|x86 = Release|x86
	EndGlobalSection
	GlobalSection(ProjectConfigurationPlatforms) = postSolution
		{0120BC84-B8B0-4821-BDEF-2626624F6EEA}.Debug|Any CPU.ActiveCfg = Debug|Any CPU
		{0120BC84-B8B0-4821-BDEF-2626624F6EEA}.Debug|Any CPU.Build.0 = Debug|Any CPU
		{0120BC84-B8B0-4821-BDEF-2626624F6EEA}.Debug|x64.ActiveCfg = Debug|Any CPU
		{0120BC84-B8B0-4821-BDEF-2626624F6EEA}.Debug|x64.Build.0 = Debug|Any CPU
		{0120BC84-B8B0-4821-BDEF-2626624F6EEA}.Debug|x86.ActiveCfg = Debug|Any CPU
		{0120BC84-B8B0-4821-BDEF-2626624F6EEA}.Debug|x86.Build.0 = Debug|Any CPU
		{0120BC84-B8B0-4821-BDEF-2626624F6EEA}.Release|Any CPU.ActiveCfg = Release|Any CPU
		{0120BC84-B8B0-4821-BDEF-2626624F6EEA}.Release|Any CPU.Build.0 = Release|Any CPU
		{0120BC84-B8B0-4821-BDEF-2626624F6EEA}.Release|x64.ActiveCfg = Release|Any CPU
		{0120BC84-B8B0-4821-BDEF-2626624F6EEA}.Release|x64.Build.0 = Release|Any CPU
		{0120BC84-B8B0-4821-BDEF-2626624F6EEA}.Release|x86.ActiveCfg = Release|Any CPU
		{0120BC84-B8B0-4821-BDEF-2626624F6EEA}.Release|x86.Build.0 = Release|Any CPU
		{88EE1559-37C7-4E53-98D8-FECAC77409E9}.Debug|Any CPU.ActiveCfg = Debug|Any CPU
		{88EE1559-37C7-4E53-98D8-FECAC77409E9}.Debug|Any CPU.Build.0 = Debug|Any CPU
		{88EE1559-37C7-4E53-98D8-FECAC77409E9}.Debug|x64.ActiveCfg = Debug|Any CPU
		{88EE1559-37C7-4E53-98D8-FECAC77409E9}.Debug|x64.Build.0 = Debug|Any CPU
		{88EE1559-37C7-4E53-98D8-FECAC77409E9}.Debug|x86.ActiveCfg = Debug|Any CPU
		{88EE1559-37C7-4E53-98D8-FECAC77409E9}.Debug|x86.Build.0 = Debug|Any CPU
		{88EE1559-37C7-4E53-98D8-FECAC77409E9}.Release|Any CPU.ActiveCfg = Release|Any CPU
		{88EE1559-37C7-4E53-98D8-FECAC77409E9}.Release|Any CPU.Build.0 = Release|Any CPU
		{88EE1559-37C7-4E53-98D8-FECAC77409E9}.Release|x64.ActiveCfg = Release|Any CPU
		{88EE1559-37C7-4E53-98D8-FECAC77409E9}.Release|x64.Build.0 = Release|Any CPU
		{88EE1559-37C7-4E53-98D8-FECAC77409E9}.Release|x86.ActiveCfg = Release|Any CPU
		{88EE1559-37C7-4E53-98D8-FECAC77409E9}.Release|x86.Build.0 = Release|Any CPU
		{287FCA5A-50AF-4701-B638-A6ED611D147A}.Debug|Any CPU.ActiveCfg = Debug|Any CPU
		{287FCA5A-50AF-4701-B638-A6ED611D147A}.Debug|Any CPU.Build.0 = Debug|Any CPU
		{287FCA5A-50AF-4701-B638-A6ED611D147A}.Debug|x64.ActiveCfg = Debug|Any CPU
		{287FCA5A-50AF-4701-B638-A6ED611D147A}.Debug|x64.Build.0 = Debug|Any CPU
		{287FCA5A-50AF-4701-B638-A6ED611D147A}.Debug|x86.ActiveCfg = Debug|Any CPU
		{287FCA5A-50AF-4701-B638-A6ED611D147A}.Debug|x86.Build.0 = Debug|Any CPU
		{287FCA5A-50AF-4701-B638-A6ED611D147A}.Release|Any CPU.ActiveCfg = Release|Any CPU
		{287FCA5A-50AF-4701-B638-A6ED611D147A}.Release|Any CPU.Build.0 = Release|Any CPU
		{287FCA5A-50AF-4701-B638-A6ED611D147A}.Release|x64.ActiveCfg = Release|Any CPU
		{287FCA5A-50AF-4701-B638-A6ED611D147A}.Release|x64.Build.0 = Release|Any CPU
		{287FCA5A-50AF-4701-B638-A6ED611D147A}.Release|x86.ActiveCfg = Release|Any CPU
		{287FCA5A-50AF-4701-B638-A6ED611D147A}.Release|x86.Build.0 = Release|Any CPU
		{5CB56644-CF6A-4306-95C5-D75C3D6A8980}.Debug|Any CPU.ActiveCfg = Debug|Any CPU
		{5CB56644-CF6A-4306-95C5-D75C3D6A8980}.Debug|Any CPU.Build.0 = Debug|Any CPU
		{5CB56644-CF6A-4306-95C5-D75C3D6A8980}.Debug|x64.ActiveCfg = Debug|Any CPU
		{5CB56644-CF6A-4306-95C5-D75C3D6A8980}.Debug|x64.Build.0 = Debug|Any CPU
		{5CB56644-CF6A-4306-95C5-D75C3D6A8980}.Debug|x86.ActiveCfg = Debug|Any CPU
		{5CB56644-CF6A-4306-95C5-D75C3D6A8980}.Debug|x86.Build.0 = Debug|Any CPU
		{5CB56644-CF6A-4306-95C5-D75C3D6A8980}.Release|Any CPU.ActiveCfg = Release|Any CPU
		{5CB56644-CF6A-4306-95C5-D75C3D6A8980}.Release|Any CPU.Build.0 = Release|Any CPU
		{5CB56644-CF6A-4306-95C5-D75C3D6A8980}.Release|x64.ActiveCfg = Release|Any CPU
		{5CB56644-CF6A-4306-95C5-D75C3D6A8980}.Release|x64.Build.0 = Release|Any CPU
		{5CB56644-CF6A-4306-95C5-D75C3D6A8980}.Release|x86.ActiveCfg = Release|Any CPU
		{5CB56644-CF6A-4306-95C5-D75C3D6A8980}.Release|x86.Build.0 = Release|Any CPU
		{6927DFA3-6666-45A0-928A-94E7ABA06D4B}.Debug|Any CPU.ActiveCfg = Debug|Any CPU
		{6927DFA3-6666-45A0-928A-94E7ABA06D4B}.Debug|Any CPU.Build.0 = Debug|Any CPU
		{6927DFA3-6666-45A0-928A-94E7ABA06D4B}.Debug|x64.ActiveCfg = Debug|Any CPU
		{6927DFA3-6666-45A0-928A-94E7ABA06D4B}.Debug|x64.Build.0 = Debug|Any CPU
		{6927DFA3-6666-45A0-928A-94E7ABA06D4B}.Debug|x86.ActiveCfg = Debug|Any CPU
		{6927DFA3-6666-45A0-928A-94E7ABA06D4B}.Debug|x86.Build.0 = Debug|Any CPU
		{6927DFA3-6666-45A0-928A-94E7ABA06D4B}.Release|Any CPU.ActiveCfg = Release|Any CPU
		{6927DFA3-6666-45A0-928A-94E7ABA06D4B}.Release|Any CPU.Build.0 = Release|Any CPU
		{6927DFA3-6666-45A0-928A-94E7ABA06D4B}.Release|x64.ActiveCfg = Release|Any CPU
		{6927DFA3-6666-45A0-928A-94E7ABA06D4B}.Release|x64.Build.0 = Release|Any CPU
		{6927DFA3-6666-45A0-928A-94E7ABA06D4B}.Release|x86.ActiveCfg = Release|Any CPU
		{6927DFA3-6666-45A0-928A-94E7ABA06D4B}.Release|x86.Build.0 = Release|Any CPU
		{8D658F86-C5F2-41E0-AB0B-2B2DCE6215F6}.Debug|Any CPU.ActiveCfg = Debug|Any CPU
		{8D658F86-C5F2-41E0-AB0B-2B2DCE6215F6}.Debug|Any CPU.Build.0 = Debug|Any CPU
		{8D658F86-C5F2-41E0-AB0B-2B2DCE6215F6}.Debug|x64.ActiveCfg = Debug|Any CPU
		{8D658F86-C5F2-41E0-AB0B-2B2DCE6215F6}.Debug|x64.Build.0 = Debug|Any CPU
		{8D658F86-C5F2-41E0-AB0B-2B2DCE6215F6}.Debug|x86.ActiveCfg = Debug|Any CPU
		{8D658F86-C5F2-41E0-AB0B-2B2DCE6215F6}.Debug|x86.Build.0 = Debug|Any CPU
		{8D658F86-C5F2-41E0-AB0B-2B2DCE6215F6}.Release|Any CPU.ActiveCfg = Release|Any CPU
		{8D658F86-C5F2-41E0-AB0B-2B2DCE6215F6}.Release|Any CPU.Build.0 = Release|Any CPU
		{8D658F86-C5F2-41E0-AB0B-2B2DCE6215F6}.Release|x64.ActiveCfg = Release|Any CPU
		{8D658F86-C5F2-41E0-AB0B-2B2DCE6215F6}.Release|x64.Build.0 = Release|Any CPU
		{8D658F86-C5F2-41E0-AB0B-2B2DCE6215F6}.Release|x86.ActiveCfg = Release|Any CPU
		{8D658F86-C5F2-41E0-AB0B-2B2DCE6215F6}.Release|x86.Build.0 = Release|Any CPU
		{AD56B66F-3EDA-4C19-9E5F-B55FCA3EB1E4}.Debug|Any CPU.ActiveCfg = Debug|Any CPU
		{AD56B66F-3EDA-4C19-9E5F-B55FCA3EB1E4}.Debug|Any CPU.Build.0 = Debug|Any CPU
		{AD56B66F-3EDA-4C19-9E5F-B55FCA3EB1E4}.Debug|x64.ActiveCfg = Debug|Any CPU
		{AD56B66F-3EDA-4C19-9E5F-B55FCA3EB1E4}.Debug|x64.Build.0 = Debug|Any CPU
		{AD56B66F-3EDA-4C19-9E5F-B55FCA3EB1E4}.Debug|x86.ActiveCfg = Debug|Any CPU
		{AD56B66F-3EDA-4C19-9E5F-B55FCA3EB1E4}.Debug|x86.Build.0 = Debug|Any CPU
		{AD56B66F-3EDA-4C19-9E5F-B55FCA3EB1E4}.Release|Any CPU.ActiveCfg = Release|Any CPU
		{AD56B66F-3EDA-4C19-9E5F-B55FCA3EB1E4}.Release|Any CPU.Build.0 = Release|Any CPU
		{AD56B66F-3EDA-4C19-9E5F-B55FCA3EB1E4}.Release|x64.ActiveCfg = Release|Any CPU
		{AD56B66F-3EDA-4C19-9E5F-B55FCA3EB1E4}.Release|x64.Build.0 = Release|Any CPU
		{AD56B66F-3EDA-4C19-9E5F-B55FCA3EB1E4}.Release|x86.ActiveCfg = Release|Any CPU
		{AD56B66F-3EDA-4C19-9E5F-B55FCA3EB1E4}.Release|x86.Build.0 = Release|Any CPU
		{F38C221B-17E9-4AB3-8FDA-658A1E265D4F}.Debug|Any CPU.ActiveCfg = Debug|Any CPU
		{F38C221B-17E9-4AB3-8FDA-658A1E265D4F}.Debug|Any CPU.Build.0 = Debug|Any CPU
		{F38C221B-17E9-4AB3-8FDA-658A1E265D4F}.Debug|x64.ActiveCfg = Debug|Any CPU
		{F38C221B-17E9-4AB3-8FDA-658A1E265D4F}.Debug|x64.Build.0 = Debug|Any CPU
		{F38C221B-17E9-4AB3-8FDA-658A1E265D4F}.Debug|x86.ActiveCfg = Debug|Any CPU
		{F38C221B-17E9-4AB3-8FDA-658A1E265D4F}.Debug|x86.Build.0 = Debug|Any CPU
		{F38C221B-17E9-4AB3-8FDA-658A1E265D4F}.Release|Any CPU.ActiveCfg = Release|Any CPU
		{F38C221B-17E9-4AB3-8FDA-658A1E265D4F}.Release|Any CPU.Build.0 = Release|Any CPU
		{F38C221B-17E9-4AB3-8FDA-658A1E265D4F}.Release|x64.ActiveCfg = Release|Any CPU
		{F38C221B-17E9-4AB3-8FDA-658A1E265D4F}.Release|x64.Build.0 = Release|Any CPU
		{F38C221B-17E9-4AB3-8FDA-658A1E265D4F}.Release|x86.ActiveCfg = Release|Any CPU
		{F38C221B-17E9-4AB3-8FDA-658A1E265D4F}.Release|x86.Build.0 = Release|Any CPU
		{C6514077-A418-4E84-AAAE-3AACEF057D21}.Debug|Any CPU.ActiveCfg = Debug|Any CPU
		{C6514077-A418-4E84-AAAE-3AACEF057D21}.Debug|Any CPU.Build.0 = Debug|Any CPU
		{C6514077-A418-4E84-AAAE-3AACEF057D21}.Debug|x64.ActiveCfg = Debug|Any CPU
		{C6514077-A418-4E84-AAAE-3AACEF057D21}.Debug|x64.Build.0 = Debug|Any CPU
		{C6514077-A418-4E84-AAAE-3AACEF057D21}.Debug|x86.ActiveCfg = Debug|Any CPU
		{C6514077-A418-4E84-AAAE-3AACEF057D21}.Debug|x86.Build.0 = Debug|Any CPU
		{C6514077-A418-4E84-AAAE-3AACEF057D21}.Release|Any CPU.ActiveCfg = Release|Any CPU
		{C6514077-A418-4E84-AAAE-3AACEF057D21}.Release|Any CPU.Build.0 = Release|Any CPU
		{C6514077-A418-4E84-AAAE-3AACEF057D21}.Release|x64.ActiveCfg = Release|Any CPU
		{C6514077-A418-4E84-AAAE-3AACEF057D21}.Release|x64.Build.0 = Release|Any CPU
		{C6514077-A418-4E84-AAAE-3AACEF057D21}.Release|x86.ActiveCfg = Release|Any CPU
		{C6514077-A418-4E84-AAAE-3AACEF057D21}.Release|x86.Build.0 = Release|Any CPU
		{52A593EB-6C56-4123-AF9E-BBA9662434B7}.Debug|Any CPU.ActiveCfg = Debug|Any CPU
		{52A593EB-6C56-4123-AF9E-BBA9662434B7}.Debug|Any CPU.Build.0 = Debug|Any CPU
		{52A593EB-6C56-4123-AF9E-BBA9662434B7}.Debug|x64.ActiveCfg = Debug|Any CPU
		{52A593EB-6C56-4123-AF9E-BBA9662434B7}.Debug|x64.Build.0 = Debug|Any CPU
		{52A593EB-6C56-4123-AF9E-BBA9662434B7}.Debug|x86.ActiveCfg = Debug|Any CPU
		{52A593EB-6C56-4123-AF9E-BBA9662434B7}.Debug|x86.Build.0 = Debug|Any CPU
		{52A593EB-6C56-4123-AF9E-BBA9662434B7}.Release|Any CPU.ActiveCfg = Release|Any CPU
		{52A593EB-6C56-4123-AF9E-BBA9662434B7}.Release|Any CPU.Build.0 = Release|Any CPU
		{52A593EB-6C56-4123-AF9E-BBA9662434B7}.Release|x64.ActiveCfg = Release|Any CPU
		{52A593EB-6C56-4123-AF9E-BBA9662434B7}.Release|x64.Build.0 = Release|Any CPU
		{52A593EB-6C56-4123-AF9E-BBA9662434B7}.Release|x86.ActiveCfg = Release|Any CPU
		{52A593EB-6C56-4123-AF9E-BBA9662434B7}.Release|x86.Build.0 = Release|Any CPU
		{440988C9-917F-40BE-A601-98B21648D022}.Debug|Any CPU.ActiveCfg = Debug|Any CPU
		{440988C9-917F-40BE-A601-98B21648D022}.Debug|Any CPU.Build.0 = Debug|Any CPU
		{440988C9-917F-40BE-A601-98B21648D022}.Debug|x64.ActiveCfg = Debug|Any CPU
		{440988C9-917F-40BE-A601-98B21648D022}.Debug|x64.Build.0 = Debug|Any CPU
		{440988C9-917F-40BE-A601-98B21648D022}.Debug|x86.ActiveCfg = Debug|Any CPU
		{440988C9-917F-40BE-A601-98B21648D022}.Debug|x86.Build.0 = Debug|Any CPU
		{440988C9-917F-40BE-A601-98B21648D022}.Release|Any CPU.ActiveCfg = Release|Any CPU
		{440988C9-917F-40BE-A601-98B21648D022}.Release|Any CPU.Build.0 = Release|Any CPU
		{440988C9-917F-40BE-A601-98B21648D022}.Release|x64.ActiveCfg = Release|Any CPU
		{440988C9-917F-40BE-A601-98B21648D022}.Release|x64.Build.0 = Release|Any CPU
		{440988C9-917F-40BE-A601-98B21648D022}.Release|x86.ActiveCfg = Release|x86
		{440988C9-917F-40BE-A601-98B21648D022}.Release|x86.Build.0 = Release|x86
		{0CEF3710-7F88-46ED-A0D3-E6D6FF778F1D}.Debug|Any CPU.ActiveCfg = Debug|Any CPU
		{0CEF3710-7F88-46ED-A0D3-E6D6FF778F1D}.Debug|Any CPU.Build.0 = Debug|Any CPU
		{0CEF3710-7F88-46ED-A0D3-E6D6FF778F1D}.Debug|x64.ActiveCfg = Debug|Any CPU
		{0CEF3710-7F88-46ED-A0D3-E6D6FF778F1D}.Debug|x64.Build.0 = Debug|Any CPU
		{0CEF3710-7F88-46ED-A0D3-E6D6FF778F1D}.Debug|x86.ActiveCfg = Debug|Any CPU
		{0CEF3710-7F88-46ED-A0D3-E6D6FF778F1D}.Debug|x86.Build.0 = Debug|Any CPU
		{0CEF3710-7F88-46ED-A0D3-E6D6FF778F1D}.Release|Any CPU.ActiveCfg = Release|Any CPU
		{0CEF3710-7F88-46ED-A0D3-E6D6FF778F1D}.Release|Any CPU.Build.0 = Release|Any CPU
		{0CEF3710-7F88-46ED-A0D3-E6D6FF778F1D}.Release|x64.ActiveCfg = Release|Any CPU
		{0CEF3710-7F88-46ED-A0D3-E6D6FF778F1D}.Release|x64.Build.0 = Release|Any CPU
		{0CEF3710-7F88-46ED-A0D3-E6D6FF778F1D}.Release|x86.ActiveCfg = Release|x86
		{0CEF3710-7F88-46ED-A0D3-E6D6FF778F1D}.Release|x86.Build.0 = Release|x86
		{1E1B85F1-87D2-4F40-BA16-C3621C8644A0}.Debug|Any CPU.ActiveCfg = Debug|Any CPU
		{1E1B85F1-87D2-4F40-BA16-C3621C8644A0}.Debug|Any CPU.Build.0 = Debug|Any CPU
		{1E1B85F1-87D2-4F40-BA16-C3621C8644A0}.Debug|x64.ActiveCfg = Debug|Any CPU
		{1E1B85F1-87D2-4F40-BA16-C3621C8644A0}.Debug|x64.Build.0 = Debug|Any CPU
		{1E1B85F1-87D2-4F40-BA16-C3621C8644A0}.Debug|x86.ActiveCfg = Debug|Any CPU
		{1E1B85F1-87D2-4F40-BA16-C3621C8644A0}.Debug|x86.Build.0 = Debug|Any CPU
		{1E1B85F1-87D2-4F40-BA16-C3621C8644A0}.Release|Any CPU.ActiveCfg = Release|Any CPU
		{1E1B85F1-87D2-4F40-BA16-C3621C8644A0}.Release|Any CPU.Build.0 = Release|Any CPU
		{1E1B85F1-87D2-4F40-BA16-C3621C8644A0}.Release|x64.ActiveCfg = Release|Any CPU
		{1E1B85F1-87D2-4F40-BA16-C3621C8644A0}.Release|x64.Build.0 = Release|Any CPU
		{1E1B85F1-87D2-4F40-BA16-C3621C8644A0}.Release|x86.ActiveCfg = Release|x86
		{1E1B85F1-87D2-4F40-BA16-C3621C8644A0}.Release|x86.Build.0 = Release|x86
		{B555BCBF-591C-4BD1-95D1-53AB1771EEA5}.Debug|Any CPU.ActiveCfg = Debug|Any CPU
		{B555BCBF-591C-4BD1-95D1-53AB1771EEA5}.Debug|Any CPU.Build.0 = Debug|Any CPU
		{B555BCBF-591C-4BD1-95D1-53AB1771EEA5}.Debug|x64.ActiveCfg = Debug|Any CPU
		{B555BCBF-591C-4BD1-95D1-53AB1771EEA5}.Debug|x64.Build.0 = Debug|Any CPU
		{B555BCBF-591C-4BD1-95D1-53AB1771EEA5}.Debug|x86.ActiveCfg = Debug|Any CPU
		{B555BCBF-591C-4BD1-95D1-53AB1771EEA5}.Debug|x86.Build.0 = Debug|Any CPU
		{B555BCBF-591C-4BD1-95D1-53AB1771EEA5}.Release|Any CPU.ActiveCfg = Release|Any CPU
		{B555BCBF-591C-4BD1-95D1-53AB1771EEA5}.Release|Any CPU.Build.0 = Release|Any CPU
		{B555BCBF-591C-4BD1-95D1-53AB1771EEA5}.Release|x64.ActiveCfg = Release|Any CPU
		{B555BCBF-591C-4BD1-95D1-53AB1771EEA5}.Release|x64.Build.0 = Release|Any CPU
		{B555BCBF-591C-4BD1-95D1-53AB1771EEA5}.Release|x86.ActiveCfg = Release|x86
		{B555BCBF-591C-4BD1-95D1-53AB1771EEA5}.Release|x86.Build.0 = Release|x86
		{CB50DE72-7251-4E64-9FBC-6D45C8D5AC93}.Debug|Any CPU.ActiveCfg = Debug|Any CPU
		{CB50DE72-7251-4E64-9FBC-6D45C8D5AC93}.Debug|Any CPU.Build.0 = Debug|Any CPU
		{CB50DE72-7251-4E64-9FBC-6D45C8D5AC93}.Debug|x64.ActiveCfg = Debug|Any CPU
		{CB50DE72-7251-4E64-9FBC-6D45C8D5AC93}.Debug|x64.Build.0 = Debug|Any CPU
		{CB50DE72-7251-4E64-9FBC-6D45C8D5AC93}.Debug|x86.ActiveCfg = Debug|Any CPU
		{CB50DE72-7251-4E64-9FBC-6D45C8D5AC93}.Debug|x86.Build.0 = Debug|Any CPU
		{CB50DE72-7251-4E64-9FBC-6D45C8D5AC93}.Release|Any CPU.ActiveCfg = Release|Any CPU
		{CB50DE72-7251-4E64-9FBC-6D45C8D5AC93}.Release|Any CPU.Build.0 = Release|Any CPU
		{CB50DE72-7251-4E64-9FBC-6D45C8D5AC93}.Release|x64.ActiveCfg = Release|Any CPU
		{CB50DE72-7251-4E64-9FBC-6D45C8D5AC93}.Release|x64.Build.0 = Release|Any CPU
		{CB50DE72-7251-4E64-9FBC-6D45C8D5AC93}.Release|x86.ActiveCfg = Release|Any CPU
		{CB50DE72-7251-4E64-9FBC-6D45C8D5AC93}.Release|x86.Build.0 = Release|Any CPU
		{55873954-24E9-42D2-B26F-F126438BA79A}.Debug|Any CPU.ActiveCfg = Debug|Any CPU
		{55873954-24E9-42D2-B26F-F126438BA79A}.Debug|Any CPU.Build.0 = Debug|Any CPU
		{55873954-24E9-42D2-B26F-F126438BA79A}.Debug|x64.ActiveCfg = Debug|Any CPU
		{55873954-24E9-42D2-B26F-F126438BA79A}.Debug|x64.Build.0 = Debug|Any CPU
		{55873954-24E9-42D2-B26F-F126438BA79A}.Debug|x86.ActiveCfg = Debug|x86
		{55873954-24E9-42D2-B26F-F126438BA79A}.Debug|x86.Build.0 = Debug|x86
		{55873954-24E9-42D2-B26F-F126438BA79A}.Release|Any CPU.ActiveCfg = Release|Any CPU
		{55873954-24E9-42D2-B26F-F126438BA79A}.Release|Any CPU.Build.0 = Release|Any CPU
		{55873954-24E9-42D2-B26F-F126438BA79A}.Release|x64.ActiveCfg = Release|Any CPU
		{55873954-24E9-42D2-B26F-F126438BA79A}.Release|x64.Build.0 = Release|Any CPU
		{55873954-24E9-42D2-B26F-F126438BA79A}.Release|x86.ActiveCfg = Release|x86
		{55873954-24E9-42D2-B26F-F126438BA79A}.Release|x86.Build.0 = Release|x86
		{042CB347-7BC5-470F-9B88-95D06F60186E}.Debug|Any CPU.ActiveCfg = Debug|Any CPU
		{042CB347-7BC5-470F-9B88-95D06F60186E}.Debug|Any CPU.Build.0 = Debug|Any CPU
		{042CB347-7BC5-470F-9B88-95D06F60186E}.Debug|x64.ActiveCfg = Debug|Any CPU
		{042CB347-7BC5-470F-9B88-95D06F60186E}.Debug|x64.Build.0 = Debug|Any CPU
		{042CB347-7BC5-470F-9B88-95D06F60186E}.Debug|x86.ActiveCfg = Debug|Any CPU
		{042CB347-7BC5-470F-9B88-95D06F60186E}.Debug|x86.Build.0 = Debug|Any CPU
		{042CB347-7BC5-470F-9B88-95D06F60186E}.Release|Any CPU.ActiveCfg = Release|Any CPU
		{042CB347-7BC5-470F-9B88-95D06F60186E}.Release|Any CPU.Build.0 = Release|Any CPU
		{042CB347-7BC5-470F-9B88-95D06F60186E}.Release|x64.ActiveCfg = Release|Any CPU
		{042CB347-7BC5-470F-9B88-95D06F60186E}.Release|x64.Build.0 = Release|Any CPU
		{042CB347-7BC5-470F-9B88-95D06F60186E}.Release|x86.ActiveCfg = Release|Any CPU
		{042CB347-7BC5-470F-9B88-95D06F60186E}.Release|x86.Build.0 = Release|Any CPU
		{9B4D7073-DD70-420B-B8BD-465110F3D854}.Debug|Any CPU.ActiveCfg = Debug|Any CPU
		{9B4D7073-DD70-420B-B8BD-465110F3D854}.Debug|Any CPU.Build.0 = Debug|Any CPU
		{9B4D7073-DD70-420B-B8BD-465110F3D854}.Debug|x64.ActiveCfg = Debug|Any CPU
		{9B4D7073-DD70-420B-B8BD-465110F3D854}.Debug|x64.Build.0 = Debug|Any CPU
		{9B4D7073-DD70-420B-B8BD-465110F3D854}.Debug|x86.ActiveCfg = Debug|Any CPU
		{9B4D7073-DD70-420B-B8BD-465110F3D854}.Debug|x86.Build.0 = Debug|Any CPU
		{9B4D7073-DD70-420B-B8BD-465110F3D854}.Release|Any CPU.ActiveCfg = Release|Any CPU
		{9B4D7073-DD70-420B-B8BD-465110F3D854}.Release|Any CPU.Build.0 = Release|Any CPU
		{9B4D7073-DD70-420B-B8BD-465110F3D854}.Release|x64.ActiveCfg = Release|Any CPU
		{9B4D7073-DD70-420B-B8BD-465110F3D854}.Release|x64.Build.0 = Release|Any CPU
		{9B4D7073-DD70-420B-B8BD-465110F3D854}.Release|x86.ActiveCfg = Release|Any CPU
		{9B4D7073-DD70-420B-B8BD-465110F3D854}.Release|x86.Build.0 = Release|Any CPU
		{A14B95B2-36DB-4E97-B491-CFCA7218079C}.Debug|Any CPU.ActiveCfg = Debug|Any CPU
		{A14B95B2-36DB-4E97-B491-CFCA7218079C}.Debug|Any CPU.Build.0 = Debug|Any CPU
		{A14B95B2-36DB-4E97-B491-CFCA7218079C}.Debug|x64.ActiveCfg = Debug|Any CPU
		{A14B95B2-36DB-4E97-B491-CFCA7218079C}.Debug|x64.Build.0 = Debug|Any CPU
		{A14B95B2-36DB-4E97-B491-CFCA7218079C}.Debug|x86.ActiveCfg = Debug|Any CPU
		{A14B95B2-36DB-4E97-B491-CFCA7218079C}.Debug|x86.Build.0 = Debug|Any CPU
		{A14B95B2-36DB-4E97-B491-CFCA7218079C}.Release|Any CPU.ActiveCfg = Release|Any CPU
		{A14B95B2-36DB-4E97-B491-CFCA7218079C}.Release|Any CPU.Build.0 = Release|Any CPU
		{A14B95B2-36DB-4E97-B491-CFCA7218079C}.Release|x64.ActiveCfg = Release|Any CPU
		{A14B95B2-36DB-4E97-B491-CFCA7218079C}.Release|x64.Build.0 = Release|Any CPU
		{A14B95B2-36DB-4E97-B491-CFCA7218079C}.Release|x86.ActiveCfg = Release|Any CPU
		{A14B95B2-36DB-4E97-B491-CFCA7218079C}.Release|x86.Build.0 = Release|Any CPU
		{384D87C1-A32C-4609-8A08-F899A71ECBF0}.Debug|Any CPU.ActiveCfg = Debug|Any CPU
		{384D87C1-A32C-4609-8A08-F899A71ECBF0}.Debug|Any CPU.Build.0 = Debug|Any CPU
		{384D87C1-A32C-4609-8A08-F899A71ECBF0}.Debug|x64.ActiveCfg = Debug|Any CPU
		{384D87C1-A32C-4609-8A08-F899A71ECBF0}.Debug|x64.Build.0 = Debug|Any CPU
		{384D87C1-A32C-4609-8A08-F899A71ECBF0}.Debug|x86.ActiveCfg = Debug|Any CPU
		{384D87C1-A32C-4609-8A08-F899A71ECBF0}.Debug|x86.Build.0 = Debug|Any CPU
		{384D87C1-A32C-4609-8A08-F899A71ECBF0}.Release|Any CPU.ActiveCfg = Release|Any CPU
		{384D87C1-A32C-4609-8A08-F899A71ECBF0}.Release|Any CPU.Build.0 = Release|Any CPU
		{384D87C1-A32C-4609-8A08-F899A71ECBF0}.Release|x64.ActiveCfg = Release|Any CPU
		{384D87C1-A32C-4609-8A08-F899A71ECBF0}.Release|x64.Build.0 = Release|Any CPU
		{384D87C1-A32C-4609-8A08-F899A71ECBF0}.Release|x86.ActiveCfg = Release|Any CPU
		{384D87C1-A32C-4609-8A08-F899A71ECBF0}.Release|x86.Build.0 = Release|Any CPU
		{1292C157-E268-4326-A2EA-FA6BB5FC5F0E}.Debug|Any CPU.ActiveCfg = Debug|Any CPU
		{1292C157-E268-4326-A2EA-FA6BB5FC5F0E}.Debug|Any CPU.Build.0 = Debug|Any CPU
		{1292C157-E268-4326-A2EA-FA6BB5FC5F0E}.Debug|x64.ActiveCfg = Debug|Any CPU
		{1292C157-E268-4326-A2EA-FA6BB5FC5F0E}.Debug|x64.Build.0 = Debug|Any CPU
		{1292C157-E268-4326-A2EA-FA6BB5FC5F0E}.Debug|x86.ActiveCfg = Debug|Any CPU
		{1292C157-E268-4326-A2EA-FA6BB5FC5F0E}.Debug|x86.Build.0 = Debug|Any CPU
		{1292C157-E268-4326-A2EA-FA6BB5FC5F0E}.Release|Any CPU.ActiveCfg = Release|Any CPU
		{1292C157-E268-4326-A2EA-FA6BB5FC5F0E}.Release|Any CPU.Build.0 = Release|Any CPU
		{1292C157-E268-4326-A2EA-FA6BB5FC5F0E}.Release|x64.ActiveCfg = Release|Any CPU
		{1292C157-E268-4326-A2EA-FA6BB5FC5F0E}.Release|x64.Build.0 = Release|Any CPU
		{1292C157-E268-4326-A2EA-FA6BB5FC5F0E}.Release|x86.ActiveCfg = Release|Any CPU
		{1292C157-E268-4326-A2EA-FA6BB5FC5F0E}.Release|x86.Build.0 = Release|Any CPU
		{CF1CB882-AFCD-423F-AB08-3CA98C4C2F61}.Debug|Any CPU.ActiveCfg = Debug|Any CPU
		{CF1CB882-AFCD-423F-AB08-3CA98C4C2F61}.Debug|Any CPU.Build.0 = Debug|Any CPU
		{CF1CB882-AFCD-423F-AB08-3CA98C4C2F61}.Debug|x64.ActiveCfg = Debug|Any CPU
		{CF1CB882-AFCD-423F-AB08-3CA98C4C2F61}.Debug|x64.Build.0 = Debug|Any CPU
		{CF1CB882-AFCD-423F-AB08-3CA98C4C2F61}.Debug|x86.ActiveCfg = Debug|Any CPU
		{CF1CB882-AFCD-423F-AB08-3CA98C4C2F61}.Debug|x86.Build.0 = Debug|Any CPU
		{CF1CB882-AFCD-423F-AB08-3CA98C4C2F61}.Release|Any CPU.ActiveCfg = Release|Any CPU
		{CF1CB882-AFCD-423F-AB08-3CA98C4C2F61}.Release|Any CPU.Build.0 = Release|Any CPU
		{CF1CB882-AFCD-423F-AB08-3CA98C4C2F61}.Release|x64.ActiveCfg = Release|Any CPU
		{CF1CB882-AFCD-423F-AB08-3CA98C4C2F61}.Release|x64.Build.0 = Release|Any CPU
		{CF1CB882-AFCD-423F-AB08-3CA98C4C2F61}.Release|x86.ActiveCfg = Release|Any CPU
		{CF1CB882-AFCD-423F-AB08-3CA98C4C2F61}.Release|x86.Build.0 = Release|Any CPU
		{9CFAEA95-62DA-458F-A2A9-06BA17043042}.Debug|Any CPU.ActiveCfg = Debug|Any CPU
		{9CFAEA95-62DA-458F-A2A9-06BA17043042}.Debug|Any CPU.Build.0 = Debug|Any CPU
		{9CFAEA95-62DA-458F-A2A9-06BA17043042}.Debug|x64.ActiveCfg = Debug|Any CPU
		{9CFAEA95-62DA-458F-A2A9-06BA17043042}.Debug|x64.Build.0 = Debug|Any CPU
		{9CFAEA95-62DA-458F-A2A9-06BA17043042}.Debug|x86.ActiveCfg = Debug|Any CPU
		{9CFAEA95-62DA-458F-A2A9-06BA17043042}.Debug|x86.Build.0 = Debug|Any CPU
		{9CFAEA95-62DA-458F-A2A9-06BA17043042}.Release|Any CPU.ActiveCfg = Release|Any CPU
		{9CFAEA95-62DA-458F-A2A9-06BA17043042}.Release|Any CPU.Build.0 = Release|Any CPU
		{9CFAEA95-62DA-458F-A2A9-06BA17043042}.Release|x64.ActiveCfg = Release|Any CPU
		{9CFAEA95-62DA-458F-A2A9-06BA17043042}.Release|x64.Build.0 = Release|Any CPU
		{9CFAEA95-62DA-458F-A2A9-06BA17043042}.Release|x86.ActiveCfg = Release|Any CPU
		{9CFAEA95-62DA-458F-A2A9-06BA17043042}.Release|x86.Build.0 = Release|Any CPU
	EndGlobalSection
	GlobalSection(SolutionProperties) = preSolution
		HideSolutionNode = FALSE
	EndGlobalSection
	GlobalSection(ExtensibilityGlobals) = postSolution
		SolutionGuid = {D6EC9745-1211-4A63-A6FE-E6324CA239AE}
	EndGlobalSection
EndGlobal
